# @generated - this file is auto-generated by `mise lock` https://mise.en.dev/dev-tools/mise-lock.html

[[tools.actionlint]]
version = "1.7.12"
backend = "aqua:rhysd/actionlint"

[tools.actionlint."platforms.linux-arm64"]
checksum = "sha256:325e971b6ba9bfa504672e29be93c24981eeb1c07576d730e9f7c8805afff0c6"
url = "https://github.com/rhysd/actionlint/releases/download/v1.7.12/actionlint_1.7.12_linux_arm64.tar.gz"
url_api = "https://api.github.com/repos/rhysd/actionlint/releases/assets/384924897"
provenance = "github-attestations"

[tools.actionlint."platforms.linux-arm64-musl"]
checksum = "sha256:325e971b6ba9bfa504672e29be93c24981eeb1c07576d730e9f7c8805afff0c6"
url = "https://github.com/rhysd/actionlint/releases/download/v1.7.12/actionlint_1.7.12_linux_arm64.tar.gz"
url_api = "https://api.github.com/repos/rhysd/actionlint/releases/assets/384924897"
provenance = "github-attestations"

[tools.actionlint."platforms.linux-x64"]
checksum = "sha256:8aca8db96f1b94770f1b0d72b6dddcb1ebb8123cb3712530b08cc387b349a3d8"
url = "https://github.com/rhysd/actionlint/releases/download/v1.7.12/actionlint_1.7.12_linux_amd64.tar.gz"
url_api = "https://api.github.com/repos/rhysd/actionlint/releases/assets/384924896"
provenance = "github-attestations"

[tools.actionlint."platforms.linux-x64-musl"]
checksum = "sha256:8aca8db96f1b94770f1b0d72b6dddcb1ebb8123cb3712530b08cc387b349a3d8"
url = "https://github.com/rhysd/actionlint/releases/download/v1.7.12/actionlint_1.7.12_linux_amd64.tar.gz"
url_api = "https://api.github.com/repos/rhysd/actionlint/releases/assets/384924896"
provenance = "github-attestations"

[tools.actionlint."platforms.macos-arm64"]
checksum = "sha256:aba9ced2dee8d27fecca3dc7feb1a7f9a52caefa1eb46f3271ea66b6e0e6953f"
url = "https://github.com/rhysd/actionlint/releases/download/v1.7.12/actionlint_1.7.12_darwin_arm64.tar.gz"
url_api = "https://api.github.com/repos/rhysd/actionlint/releases/assets/384924893"
provenance = "github-attestations"

[tools.actionlint."platforms.macos-x64"]
checksum = "sha256:5b44c3bc2255115c9b69e30efc0fecdf498fdb63c5d58e17084fd5f16324c644"
url = "https://github.com/rhysd/actionlint/releases/download/v1.7.12/actionlint_1.7.12_darwin_amd64.tar.gz"
url_api = "https://api.github.com/repos/rhysd/actionlint/releases/assets/384924880"
provenance = "github-attestations"

[tools.actionlint."platforms.windows-x64"]
checksum = "sha256:6e7241b51e6817ea6a047693d8e6fed13b31819c9a0dd6c5a726e1592d22f6e9"
url = "https://github.com/rhysd/actionlint/releases/download/v1.7.12/actionlint_1.7.12_windows_amd64.zip"
url_api = "https://api.github.com/repos/rhysd/actionlint/releases/assets/384924919"
provenance = "github-attestations"

[[tools.gh]]
version = "2.102.0"
backend = "aqua:cli/cli"

[tools.gh."platforms.linux-arm64"]
checksum = "sha256:7862c86c72f43df3a2d93ddde6f473285b4e2af61b494849846827e513ef6484"
url = "https://github.com/cli/cli/releases/download/v2.102.0/gh_2.102.0_linux_arm64.tar.gz"
url_api = "https://api.github.com/repos/cli/cli/releases/assets/599854680"
provenance = "github-attestations"

[tools.gh."platforms.linux-arm64-musl"]
checksum = "sha256:7862c86c72f43df3a2d93ddde6f473285b4e2af61b494849846827e513ef6484"
url = "https://github.com/cli/cli/releases/download/v2.102.0/gh_2.102.0_linux_arm64.tar.gz"
url_api = "https://api.github.com/repos/cli/cli/releases/assets/599854680"
provenance = "github-attestations"

[tools.gh."platforms.linux-x64"]
checksum = "sha256:bb766f710eef8ede859c18578c72c327597cd4c8a85b06001b1f3843c6019386"
url = "https://github.com/cli/cli/releases/download/v2.102.0/gh_2.102.0_linux_amd64.tar.gz"
url_api = "https://api.github.com/repos/cli/cli/releases/assets/599854672"
provenance = "github-attestations"

[tools.gh."platforms.linux-x64-musl"]
checksum = "sha256:bb766f710eef8ede859c18578c72c327597cd4c8a85b06001b1f3843c6019386"
url = "https://github.com/cli/cli/releases/download/v2.102.0/gh_2.102.0_linux_amd64.tar.gz"
url_api = "https://api.github.com/repos/cli/cli/releases/assets/599854672"
provenance = "github-attestations"

[tools.gh."platforms.macos-arm64"]
checksum = "sha256:da922c20d1792e5b2cbf375593d7a658acf034c12c84e007e71c76ef959c337e"
url = "https://github.com/cli/cli/releases/download/v2.102.0/gh_2.102.0_macOS_arm64.zip"
url_api = "https://api.github.com/repos/cli/cli/releases/assets/599854720"
provenance = "github-attestations"

[tools.gh."platforms.macos-x64"]
checksum = "sha256:b245f24eb2bf5f75b426b4c26da3651a107f8d5b6f4fddfbfccc5679041378b3"
url = "https://github.com/cli/cli/releases/download/v2.102.0/gh_2.102.0_macOS_amd64.zip"
url_api = "https://api.github.com/repos/cli/cli/releases/assets/599854716"
provenance = "github-attestations"

[tools.gh."platforms.windows-x64"]
checksum = "sha256:ae64e556ecc240b200f7eba60d550e4bb60d78e860e69dd88c449405b86067f4"
url = "https://github.com/cli/cli/releases/download/v2.102.0/gh_2.102.0_windows_amd64.zip"
url_api = "https://api.github.com/repos/cli/cli/releases/assets/599854760"
provenance = "github-attestations"

[[tools.node]]
version = "26.11.1"
backend = "core:node"

[tools.node."platforms.linux-arm64"]
checksum = "sha256:170454fb022f5e9b5f6cc76c25fa32ef5100895be44eb04e92f9780591491bbf"
url = "https://nodejs.org/dist/v26.11.1/node-v26.11.1-linux-arm64.tar.gz"

[tools.node."platforms.linux-arm64-musl"]
checksum = "sha256:5ac42d71176924d34be570c85567c729cc9283294d3fd710011851510b30c9d1"
url = "https://unofficial-builds.nodejs.org/download/release/v26.11.1/node-v26.11.1-linux-arm64-musl.tar.gz"

[tools.node."platforms.linux-x64"]
checksum = "sha256:15fc043a51a5783f2f4b634561091658f5a7f0e3db03f997dca3a8033a33e45b"
url = "https://nodejs.org/dist/v26.11.1/node-v26.11.1-linux-x64.tar.gz"

[tools.node."platforms.linux-x64-musl"]
checksum = "sha256:dc822f43a55877e060b9e16702019c91deb9684310fa47ea4e9bdab0f2146366"
url = "https://unofficial-builds.nodejs.org/download/release/v26.11.1/node-v26.11.1-linux-x64-musl.tar.gz"

[tools.node."platforms.macos-arm64"]
checksum = "sha256:d916511b55965e91be7a88e17f88d895b6793ceaba3e6c9b194aefe51c2c65ac"
url = "https://nodejs.org/dist/v26.11.1/node-v26.11.1-darwin-arm64.tar.gz"

[tools.node."platforms.macos-x64"]
checksum = "sha256:9a8129bd9ab08039793dd1143a7aedee6b5d60ac06592ad938d8bddf36142f3a"
url = "https://nodejs.org/dist/v26.11.1/node-v26.11.1-darwin-x64.tar.gz"

[tools.node."platforms.windows-x64"]
checksum = "sha256:97f36a8a9684ff0d3e35758b4610fef5b628a5880e96f2ccc11240e5daf9934e"
url = "https://nodejs.org/dist/v26.11.1/node-v26.11.1-win-x64.zip"

[[tools."npm:prettier"]]
version = "3.9.9"
backend = "npm:prettier"

[[tools."npm:renovate"]]
version = "44.132.2"
backend = "npm:renovate"

[tools."npm:renovate".options]
trust_policy_excludes = '["@yarnpkg/libzip@3.2.2"]'

[[tools.task]]
version = "3.54.0"
backend = "aqua:go-task/task"

[tools.task."platforms.linux-arm64"]
checksum = "sha256:d7189d439d4a6058e39e1b2acd7c8b27acd4856691b408f23b242e4294e1df5b"
url = "https://github.com/go-task/task/releases/download/v3.54.0/task_linux_arm64.tar.gz"
url_api = "https://api.github.com/repos/go-task/task/releases/assets/604090041"

[tools.task."platforms.linux-arm64-musl"]
checksum = "sha256:d7189d439d4a6058e39e1b2acd7c8b27acd4856691b408f23b242e4294e1df5b"
url = "https://github.com/go-task/task/releases/download/v3.54.0/task_linux_arm64.tar.gz"
url_api = "https://api.github.com/repos/go-task/task/releases/assets/604090041"

[tools.task."platforms.linux-x64"]
checksum = "sha256:680859dbb4d881a9c72d4d9a8f510825450849af8567deacd7302c01124416fb"
url = "https://github.com/go-task/task/releases/download/v3.54.0/task_linux_amd64.tar.gz"
url_api = "https://api.github.com/repos/go-task/task/releases/assets/604090073"

[tools.task."platforms.linux-x64-musl"]
checksum = "sha256:680859dbb4d881a9c72d4d9a8f510825450849af8567deacd7302c01124416fb"
url = "https://github.com/go-task/task/releases/download/v3.54.0/task_linux_amd64.tar.gz"
url_api = "https://api.github.com/repos/go-task/task/releases/assets/604090073"

[tools.task."platforms.macos-arm64"]
checksum = "sha256:12a69fcf37bb8d5bc9150c44f9a936775b73e59ff044c2c245232f198c135637"
url = "https://github.com/go-task/task/releases/download/v3.54.0/task_darwin_arm64.tar.gz"
url_api = "https://api.github.com/repos/go-task/task/releases/assets/604090068"

[tools.task."platforms.macos-x64"]
checksum = "sha256:0543b0844a725814c0412d3f4bed12873ce9ed0da207b15775f63a97d734aac0"
url = "https://github.com/go-task/task/releases/download/v3.54.0/task_darwin_amd64.tar.gz"
url_api = "https://api.github.com/repos/go-task/task/releases/assets/604090006"

[tools.task."platforms.windows-x64"]
checksum = "sha256:837f42f71899ea41d07a47acc81d4d6ea80cb41c68292345f915c656473efcb7"
url = "https://github.com/go-task/task/releases/download/v3.54.0/task_windows_amd64.zip"
url_api = "https://api.github.com/repos/go-task/task/releases/assets/604090005"
